
Microsoft Visual Studio Solution File, Format Version 12.00
# Visual Studio Version 16
VisualStudioVersion = 16.0.29709.97
MinimumVisualStudioVersion = 10.0.40219.1
Project("{9A19103F-16F7-4668-BE54-9A1E7A4F7556}") = "ECSUnitTests", "ECSUnitTests\ECSUnitTests.csproj", "{1E565355-4378-49C4-9050-E4AE03BFC799}"
EndProject
Project("{9A19103F-16F7-4668-BE54-9A1E7A4F7556}") = "ECS", "ECS\ECS.csproj", "{08756448-4F7B-4B22-A8DC-9AF8375C1779}"
EndProject
Project("{9A19103F-16F7-4668-BE54-9A1E7A4F7556}") = "MutableListUnitTests", "MutableListUnitTests\MutableListUnitTests.csproj", "{E8106871-C5CF-446B-A09C-4BE1238773B5}"
EndProject
Project("{9A19103F-16F7-4668-BE54-9A1E7A4F7556}") = "VisualTests", "VisualTests\VisualTests.csproj", "{EF9C231C-285D-4B14-9F73-427EF5D2BEB2}"
EndProject
Project("{9A19103F-16F7-4668-BE54-9A1E7A4F7556}") = "MinimalAF", "..\MinimalApplicationFramework\MinimalAF\MinimalAF.csproj", "{166C1095-67D4-4EA2-8AE5-A4D0FD459982}"
EndProject
Project("{9A19103F-16F7-4668-BE54-9A1E7A4F7556}") = "ECSBenchmarking", "ECSBenchmarking\ECSBenchmarking.csproj", "{2AED2962-82A5-49AC-9AAB-1E4A827C1B87}"
EndProject
Project("{9A19103F-16F7-4668-BE54-9A1E7A4F7556}") = "IterationPatternBenchmarking", "IterationPatternBenchmarking\IterationPatternBenchmarking.csproj", "{E330E629-3472-4955-B2E0-6A013402706D}"
EndProject
Project("{9A19103F-16F7-4668-BE54-9A1E7A4F7556}") = "Common", "Common\Common.csproj", "{78DD6DC1-EF5D-4C01-97BD-4F06894947F3}"
EndProject
Project("{FAE04EC0-301F-11D3-BF4B-00C04F79EFBC}") = "ECSProfiling", "ECSProfiling\ECSProfiling.csproj", "{F5CD117F-9D36-4E5F-941A-BF55FAE604CF}"
EndProject
Global
	GlobalSection(SolutionConfigurationPlatforms) = preSolution
		Debug|Any CPU = Debug|Any CPU
		Release with Debug symbols|Any CPU = Release with Debug symbols|Any CPU
		Release|Any CPU = Release|Any CPU
	EndGlobalSection
	GlobalSection(ProjectConfigurationPlatforms) = postSolution
		{1E565355-4378-49C4-9050-E4AE03BFC799}.Debug|Any CPU.ActiveCfg = Debug|Any CPU
		{1E565355-4378-49C4-9050-E4AE03BFC799}.Debug|Any CPU.Build.0 = Debug|Any CPU
		{1E565355-4378-49C4-9050-E4AE03BFC799}.Release with Debug symbols|Any CPU.ActiveCfg = Release with Debug symbols|Any CPU
		{1E565355-4378-49C4-9050-E4AE03BFC799}.Release with Debug symbols|Any CPU.Build.0 = Release with Debug symbols|Any CPU
		{1E565355-4378-49C4-9050-E4AE03BFC799}.Release|Any CPU.ActiveCfg = Release|Any CPU
		{1E565355-4378-49C4-9050-E4AE03BFC799}.Release|Any CPU.Build.0 = Release|Any CPU
		{08756448-4F7B-4B22-A8DC-9AF8375C1779}.Debug|Any CPU.ActiveCfg = Debug|Any CPU
		{08756448-4F7B-4B22-A8DC-9AF8375C1779}.Debug|Any CPU.Build.0 = Debug|Any CPU
		{08756448-4F7B-4B22-A8DC-9AF8375C1779}.Release with Debug symbols|Any CPU.ActiveCfg = Release with Debug symbols|Any CPU
		{08756448-4F7B-4B22-A8DC-9AF8375C1779}.Release with Debug symbols|Any CPU.Build.0 = Release with Debug symbols|Any CPU
		{08756448-4F7B-4B22-A8DC-9AF8375C1779}.Release|Any CPU.ActiveCfg = Release|Any CPU
		{08756448-4F7B-4B22-A8DC-9AF8375C1779}.Release|Any CPU.Build.0 = Release|Any CPU
		{E8106871-C5CF-446B-A09C-4BE1238773B5}.Debug|Any CPU.ActiveCfg = Debug|Any CPU
		{E8106871-C5CF-446B-A09C-4BE1238773B5}.Debug|Any CPU.Build.0 = Debug|Any CPU
		{E8106871-C5CF-446B-A09C-4BE1238773B5}.Release with Debug symbols|Any CPU.ActiveCfg = Release with Debug symbols|Any CPU
		{E8106871-C5CF-446B-A09C-4BE1238773B5}.Release with Debug symbols|Any CPU.Build.0 = Release with Debug symbols|Any CPU
		{E8106871-C5CF-446B-A09C-4BE1238773B5}.Release|Any CPU.ActiveCfg = Release|Any CPU
		{E8106871-C5CF-446B-A09C-4BE1238773B5}.Release|Any CPU.Build.0 = Release|Any CPU
		{EF9C231C-285D-4B14-9F73-427EF5D2BEB2}.Debug|Any CPU.ActiveCfg = Debug|Any CPU
		{EF9C231C-285D-4B14-9F73-427EF5D2BEB2}.Debug|Any CPU.Build.0 = Debug|Any CPU
		{EF9C231C-285D-4B14-9F73-427EF5D2BEB2}.Release with Debug symbols|Any CPU.ActiveCfg = Release with Debug symbols|Any CPU
		{EF9C231C-285D-4B14-9F73-427EF5D2BEB2}.Release with Debug symbols|Any CPU.Build.0 = Release with Debug symbols|Any CPU
		{EF9C231C-285D-4B14-9F73-427EF5D2BEB2}.Release|Any CPU.ActiveCfg = Release|Any CPU
		{EF9C231C-285D-4B14-9F73-427EF5D2BEB2}.Release|Any CPU.Build.0 = Release|Any CPU
		{166C1095-67D4-4EA2-8AE5-A4D0FD459982}.Debug|Any CPU.ActiveCfg = Debug|Any CPU
		{166C1095-67D4-4EA2-8AE5-A4D0FD459982}.Debug|Any CPU.Build.0 = Debug|Any CPU
		{166C1095-67D4-4EA2-8AE5-A4D0FD459982}.Release with Debug symbols|Any CPU.ActiveCfg = Release with Debug symbols|Any CPU
		{166C1095-67D4-4EA2-8AE5-A4D0FD459982}.Release with Debug symbols|Any CPU.Build.0 = Release with Debug symbols|Any CPU
		{166C1095-67D4-4EA2-8AE5-A4D0FD459982}.Release|Any CPU.ActiveCfg = Release|Any CPU
		{166C1095-67D4-4EA2-8AE5-A4D0FD459982}.Release|Any CPU.Build.0 = Release|Any CPU
		{2AED2962-82A5-49AC-9AAB-1E4A827C1B87}.Debug|Any CPU.ActiveCfg = Debug|Any CPU
		{2AED2962-82A5-49AC-9AAB-1E4A827C1B87}.Debug|Any CPU.Build.0 = Debug|Any CPU
		{2AED2962-82A5-49AC-9AAB-1E4A827C1B87}.Release with Debug symbols|Any CPU.ActiveCfg = Release|Any CPU
		{2AED2962-82A5-49AC-9AAB-1E4A827C1B87}.Release with Debug symbols|Any CPU.Build.0 = Release|Any CPU
		{2AED2962-82A5-49AC-9AAB-1E4A827C1B87}.Release|Any CPU.ActiveCfg = Release|Any CPU
		{2AED2962-82A5-49AC-9AAB-1E4A827C1B87}.Release|Any CPU.Build.0 = Release|Any CPU
		{E330E629-3472-4955-B2E0-6A013402706D}.Debug|Any CPU.ActiveCfg = Debug|Any CPU
		{E330E629-3472-4955-B2E0-6A013402706D}.Debug|Any CPU.Build.0 = Debug|Any CPU
		{E330E629-3472-4955-B2E0-6A013402706D}.Release with Debug symbols|Any CPU.ActiveCfg = Release|Any CPU
		{E330E629-3472-4955-B2E0-6A013402706D}.Release with Debug symbols|Any CPU.Build.0 = Release|Any CPU
		{E330E629-3472-4955-B2E0-6A013402706D}.Release|Any CPU.ActiveCfg = Release|Any CPU
		{E330E629-3472-4955-B2E0-6A013402706D}.Release|Any CPU.Build.0 = Release|Any CPU
		{78DD6DC1-EF5D-4C01-97BD-4F06894947F3}.Debug|Any CPU.ActiveCfg = Debug|Any CPU
		{78DD6DC1-EF5D-4C01-97BD-4F06894947F3}.Debug|Any CPU.Build.0 = Debug|Any CPU
		{78DD6DC1-EF5D-4C01-97BD-4F06894947F3}.Release with Debug symbols|Any CPU.ActiveCfg = Release|Any CPU
		{78DD6DC1-EF5D-4C01-97BD-4F06894947F3}.Release with Debug symbols|Any CPU.Build.0 = Release|Any CPU
		{78DD6DC1-EF5D-4C01-97BD-4F06894947F3}.Release|Any CPU.ActiveCfg = Release|Any CPU
		{78DD6DC1-EF5D-4C01-97BD-4F06894947F3}.Release|Any CPU.Build.0 = Release|Any CPU
		{F5CD117F-9D36-4E5F-941A-BF55FAE604CF}.Debug|Any CPU.ActiveCfg = Debug|Any CPU
		{F5CD117F-9D36-4E5F-941A-BF55FAE604CF}.Debug|Any CPU.Build.0 = Debug|Any CPU
		{F5CD117F-9D36-4E5F-941A-BF55FAE604CF}.Release with Debug symbols|Any CPU.ActiveCfg = Release|Any CPU
		{F5CD117F-9D36-4E5F-941A-BF55FAE604CF}.Release with Debug symbols|Any CPU.Build.0 = Release|Any CPU
		{F5CD117F-9D36-4E5F-941A-BF55FAE604CF}.Release|Any CPU.ActiveCfg = Release|Any CPU
		{F5CD117F-9D36-4E5F-941A-BF55FAE604CF}.Release|Any CPU.Build.0 = Release|Any CPU
	EndGlobalSection
	GlobalSection(SolutionProperties) = preSolution
		HideSolutionNode = FALSE
	EndGlobalSection
	GlobalSection(ExtensibilityGlobals) = postSolution
		SolutionGuid = {B8CAEC34-4620-4555-9B27-656CFA9C9D2C}
	EndGlobalSection
EndGlobal
